// !$*UTF8*$!
{
	archiveVersion = 1;
	classes = {
	};
	objectVersion = 56;
	objects = {

/* Begin PBXBuildFile section */
		04A55BF42A2E4A3200CE0146 /* GovgptIOSApp.swift in Sources */ = {isa = PBXBuildFile; fileRef = 04A55BF32A2E4A3200CE0146 /* GovgptIOSApp.swift */; };
		04A55BF62A2E4A3200CE0146 /* Persistence.swift in Sources */ = {isa = PBXBuildFile; fileRef = 04A55BF52A2E4A3200CE0146 /* Persistence.swift */; };
		04A55BF92A2E4A3200CE0146 /* GovgptIOS.xcdatamodeld in Sources */ = {isa = PBXBuildFile; fileRef = 04A55BF72A2E4A3200CE0146 /* GovgptIOS.xcdatamodeld */; };
		04A55BFB2A2E4A3200CE0146 /* ContentView.swift in Sources */ = {isa = PBXBuildFile; fileRef = 04A55BFA2A2E4A3200CE0146 /* ContentView.swift */; };
		04A55BFD2A2E4A3200CE0146 /* Assets.xcassets in Resources */ = {isa = PBXBuildFile; fileRef = 04A55BFC2A2E4A3200CE0146 /* Assets.xcassets */; };
		04A55C012A2E4A3200CE0146 /* Preview Assets.xcassets in Resources */ = {isa = PBXBuildFile; fileRef = 04A55C002A2E4A3200CE0146 /* Preview Assets.xcassets */; };
		04A55C0B2A2E4A3300CE0146 /* GovgptIOSTests.swift in Sources */ = {isa = PBXBuildFile; fileRef = 04A55C0A2A2E4A3300CE0146 /* GovgptIOSTests.swift */; };
		04A55C152A2E4A3300CE0146 /* GovgptIOSUITests.swift in Sources */ = {isa = PBXBuildFile; fileRef = 04A55C142A2E4A3300CE0146 /* GovgptIOSUITests.swift */; };
		04A55C172A2E4A3300CE0146 /* GovgptIOSUITestsLaunchTests.swift in Sources */ = {isa = PBXBuildFile; fileRef = 04A55C162A2E4A3300CE0146 /* GovgptIOSUITestsLaunchTests.swift */; };
/* End PBXBuildFile section */

/* Begin PBXContainerItemProxy section */
		04A55C072A2E4A3300CE0146 /* PBXContainerItemProxy */ = {
			isa = PBXContainerItemProxy;
			containerPortal = 04A55BE82A2E4A3100CE0146 /* Project object */;
			proxyType = 1;
			remoteGlobalIDString = 04A55BEF2A2E4A3200CE0146;
			remoteInfo = GovgptIOS;
		};
		04A55C112A2E4A3300CE0146 /* PBXContainerItemProxy */ = {
			isa = PBXContainerItemProxy;
			containerPortal = 04A55BE82A2E4A3100CE0146 /* Project object */;
			proxyType = 1;
			remoteGlobalIDString = 04A55BEF2A2E4A3200CE0146;
			remoteInfo = GovgptIOS;
		};
/* End PBXContainerItemProxy section */

/* Begin PBXFileReference section */
		04A55BF02A2E4A3200CE0146 /* GovgptIOS.app */ = {isa = PBXFileReference; explicitFileType = wrapper.application; includeInIndex = 0; path = GovgptIOS.app; sourceTree = BUILT_PRODUCTS_DIR; };
		04A55BF32A2E4A3200CE0146 /* GovgptIOSApp.swift */ = {isa = PBXFileReference; lastKnownFileType = sourcecode.swift; path = GovgptIOSApp.swift; sourceTree = "<group>"; };
		04A55BF52A2E4A3200CE0146 /* Persistence.swift */ = {isa = PBXFileReference; lastKnownFileType = sourcecode.swift; path = Persistence.swift; sourceTree = "<group>"; };
		04A55BF82A2E4A3200CE0146 /* GovgptIOS.xcdatamodel */ = {isa = PBXFileReference; lastKnownFileType = wrapper.xcdatamodel; path = GovgptIOS.xcdatamodel; sourceTree = "<group>"; };
		04A55BFA2A2E4A3200CE0146 /* ContentView.swift */ = {isa = PBXFileReference; lastKnownFileType = sourcecode.swift; path = ContentView.swift; sourceTree = "<group>"; };
		04A55BFC2A2E4A3200CE0146 /* Assets.xcassets */ = {isa = PBXFileReference; lastKnownFileType = folder.assetcatalog; path = Assets.xcassets; sourceTree = "<group>"; };
		04A55BFE2A2E4A3200CE0146 /* GovgptIOS.entitlements */ = {isa = PBXFileReference; lastKnownFileType = text.plist.entitlements; path = GovgptIOS.entitlements; sourceTree = "<group>"; };
		04A55C002A2E4A3200CE0146 /* Preview Assets.xcassets */ = {isa = PBXFileReference; lastKnownFileType = folder.assetcatalog; path = "Preview Assets.xcassets"; sourceTree = "<group>"; };
		04A55C062A2E4A3300CE0146 /* GovgptIOSTests.xctest */ = {isa = PBXFileReference; explicitFileType = wrapper.cfbundle; includeInIndex = 0; path = GovgptIOSTests.xctest; sourceTree = BUILT_PRODUCTS_DIR; };
		04A55C0A2A2E4A3300CE0146 /* GovgptIOSTests.swift */ = {isa = PBXFileReference; lastKnownFileType = sourcecode.swift; path = GovgptIOSTests.swift; sourceTree = "<group>"; };
		04A55C102A2E4A3300CE0146 /* GovgptIOSUITests.xctest */ = {isa = PBXFileReference; explicitFileType = wrapper.cfbundle; includeInIndex = 0; path = GovgptIOSUITests.xctest; sourceTree = BUILT_PRODUCTS_DIR; };
		04A55C142A2E4A3300CE0146 /* GovgptIOSUITests.swift */ = {isa = PBXFileReference; lastKnownFileType = sourcecode.swift; path = GovgptIOSUITests.swift; sourceTree = "<group>"; };
		04A55C162A2E4A3300CE0146 /* GovgptIOSUITestsLaunchTests.swift */ = {isa = PBXFileReference; lastKnownFileType = sourcecode.swift; path = GovgptIOSUITestsLaunchTests.swift; sourceTree = "<group>"; };
/* End PBXFileReference section */

/* Begin PBXFrameworksBuildPhase section */
		04A55BED2A2E4A3200CE0146 /* Frameworks */ = {
			isa = PBXFrameworksBuildPhase;
			buildActionMask = 2147483647;
			files = (
			);
			runOnlyForDeploymentPostprocessing = 0;
		};
		04A55C032A2E4A3300CE0146 /* Frameworks */ = {
			isa = PBXFrameworksBuildPhase;
			buildActionMask = 2147483647;
			files = (
			);
			runOnlyForDeploymentPostprocessing = 0;
		};
		04A55C0D2A2E4A3300CE0146 /* Frameworks */ = {
			isa = PBXFrameworksBuildPhase;
			buildActionMask = 2147483647;
			files = (
			);
			runOnlyForDeploymentPostprocessing = 0;
		};
/* End PBXFrameworksBuildPhase section */

/* Begin PBXGroup section */
		04A55BE72A2E4A3100CE0146 = {
			isa = PBXGroup;
			children = (
				04A55BF22A2E4A3200CE0146 /* GovgptIOS */,
				04A55C092A2E4A3300CE0146 /* GovgptIOSTests */,
				04A55C132A2E4A3300CE0146 /* GovgptIOSUITests */,
				04A55BF12A2E4A3200CE0146 /* Products */,
			);
			sourceTree = "<group>";
		};
		04A55BF12A2E4A3200CE0146 /* Products */ = {
			isa = PBXGroup;
			children = (
				04A55BF02A2E4A3200CE0146 /* GovgptIOS.app */,
				04A55C062A2E4A3300CE0146 /* GovgptIOSTests.xctest */,
				04A55C102A2E4A3300CE0146 /* GovgptIOSUITests.xctest */,
			);
			name = Products;
			sourceTree = "<group>";
		};
		04A55BF22A2E4A3200CE0146 /* GovgptIOS */ = {
			isa = PBXGroup;
			children = (
				04A55BF32A2E4A3200CE0146 /* GovgptIOSApp.swift */,
				04A55BF52A2E4A3200CE0146 /* Persistence.swift */,
				04A55BFA2A2E4A3200CE0146 /* ContentView.swift */,
				04A55BFC2A2E4A3200CE0146 /* Assets.xcassets */,
				04A55BFE2A2E4A3200CE0146 /* GovgptIOS.entitlements */,
				04A55BF72A2E4A3200CE0146 /* GovgptIOS.xcdatamodeld */,
				04A55BFF2A2E4A3200CE0146 /* Preview Content */,
			);
			path = GovgptIOS;
			sourceTree = "<group>";
		};
		04A55BFF2A2E4A3200CE0146 /* Preview Content */ = {
			isa = PBXGroup;
			children = (
				04A55C002A2E4A3200CE0146 /* Preview Assets.xcassets */,
			);
			path = "Preview Content";
			sourceTree = "<group>";
		};
		04A55C092A2E4A3300CE0146 /* GovgptIOSTests */ = {
			isa = PBXGroup;
			children = (
				04A55C0A2A2E4A3300CE0146 /* GovgptIOSTests.swift */,
			);
			path = GovgptIOSTests;
			sourceTree = "<group>";
		};
		04A55C132A2E4A3300CE0146 /* GovgptIOSUITests */ = {
			isa = PBXGroup;
			children = (
				04A55C142A2E4A3300CE0146 /* GovgptIOSUITests.swift */,
				04A55C162A2E4A3300CE0146 /* GovgptIOSUITestsLaunchTests.swift */,
			);
			path = GovgptIOSUITests;
			sourceTree = "<group>";
		};
/* End PBXGroup section */

/* Begin PBXNativeTarget section */
		04A55BEF2A2E4A3200CE0146 /* GovgptIOS */ = {
			isa = PBXNativeTarget;
			buildConfigurationList = 04A55C1A2A2E4A3300CE0146 /* Build configuration list for PBXNativeTarget "GovgptIOS" */;
			buildPhases = (
				04A55BEC2A2E4A3200CE0146 /* Sources */,
				04A55BED2A2E4A3200CE0146 /* Frameworks */,
				04A55BEE2A2E4A3200CE0146 /* Resources */,
			);
			buildRules = (
			);
			dependencies = (
			);
			name = GovgptIOS;
			productName = GovgptIOS;
			productReference = 04A55BF02A2E4A3200CE0146 /* GovgptIOS.app */;
			productType = "com.apple.product-type.application";
		};
		04A55C052A2E4A3300CE0146 /* GovgptIOSTests */ = {
			isa = PBXNativeTarget;
			buildConfigurationList = 04A55C1D2A2E4A3300CE0146 /* Build configuration list for PBXNativeTarget "GovgptIOSTests" */;
			buildPhases = (
				04A55C022A2E4A3300CE0146 /* Sources */,
				04A55C032A2E4A3300CE0146 /* Frameworks */,
				04A55C042A2E4A3300CE0146 /* Resources */,
			);
			buildRules = (
			);
			dependencies = (
				04A55C082A2E4A3300CE0146 /* PBXTargetDependency */,
			);
			name = GovgptIOSTests;
			productName = GovgptIOSTests;
			productReference = 04A55C062A2E4A3300CE0146 /* GovgptIOSTests.xctest */;
			productType = "com.apple.product-type.bundle.unit-test";
		};
		04A55C0F2A2E4A3300CE0146 /* GovgptIOSUITests */ = {
			isa = PBXNativeTarget;
			buildConfigurationList = 04A55C202A2E4A3300CE0146 /* Build configuration list for PBXNativeTarget "GovgptIOSUITests" */;
			buildPhases = (
				04A55C0C2A2E4A3300CE0146 /* Sources */,
				04A55C0D2A2E4A3300CE0146 /* Frameworks */,
				04A55C0E2A2E4A3300CE0146 /* Resources */,
			);
			buildRules = (
			);
			dependencies = (
				04A55C122A2E4A3300CE0146 /* PBXTargetDependency */,
			);
			name = GovgptIOSUITests;
			productName = GovgptIOSUITests;
			productReference = 04A55C102A2E4A3300CE0146 /* GovgptIOSUITests.xctest */;
			productType = "com.apple.product-type.bundle.ui-testing";
		};
/* End PBXNativeTarget section */

/* Begin PBXProject section */
		04A55BE82A2E4A3100CE0146 /* Project object */ = {
			isa = PBXProject;
			attributes = {
				BuildIndependentTargetsInParallel = 1;
				LastSwiftUpdateCheck = 1430;
				LastUpgradeCheck = 1430;
				TargetAttributes = {
					04A55BEF2A2E4A3200CE0146 = {
						CreatedOnToolsVersion = 14.3.1;
					};
					04A55C052A2E4A3300CE0146 = {
						CreatedOnToolsVersion = 14.3.1;
						TestTargetID = 04A55BEF2A2E4A3200CE0146;
					};
					04A55C0F2A2E4A3300CE0146 = {
						CreatedOnToolsVersion = 14.3.1;
						TestTargetID = 04A55BEF2A2E4A3200CE0146;
					};
				};
			};
			buildConfigurationList = 04A55BEB2A2E4A3100CE0146 /* Build configuration list for PBXProject "GovgptIOS" */;
			compatibilityVersion = "Xcode 14.0";
			developmentRegion = en;
			hasScannedForEncodings = 0;
			knownRegions = (
				en,
				Base,
			);
			mainGroup = 04A55BE72A2E4A3100CE0146;
			productRefGroup = 04A55BF12A2E4A3200CE0146 /* Products */;
			projectDirPath = "";
			projectRoot = "";
			targets = (
				04A55BEF2A2E4A3200CE0146 /* GovgptIOS */,
				04A55C052A2E4A3300CE0146 /* GovgptIOSTests */,
				04A55C0F2A2E4A3300CE0146 /* GovgptIOSUITests */,
			);
		};
/* End PBXProject section */

/* Begin PBXResourcesBuildPhase section */
		04A55BEE2A2E4A3200CE0146 /* Resources */ = {
			isa = PBXResourcesBuildPhase;
			buildActionMask = 2147483647;
			files = (
				04A55C012A2E4A3200CE0146 /* Preview Assets.xcassets in Resources */,
				04A55BFD2A2E4A3200CE0146 /* Assets.xcassets in Resources */,
			);
			runOnlyForDeploymentPostprocessing = 0;
		};
		04A55C042A2E4A3300CE0146 /* Resources */ = {
			isa = PBXResourcesBuildPhase;
			buildActionMask = 2147483647;
			files = (
			);
			runOnlyForDeploymentPostprocessing = 0;
		};
		04A55C0E2A2E4A3300CE0146 /* Resources */ = {
			isa = PBXResourcesBuildPhase;
			buildActionMask = 2147483647;
			files = (
			);
			runOnlyForDeploymentPostprocessing = 0;
		};
/* End PBXResourcesBuildPhase section */

/* Begin PBXSourcesBuildPhase section */
		04A55BEC2A2E4A3200CE0146 /* Sources */ = {
			isa = PBXSourcesBuildPhase;
			buildActionMask = 2147483647;
			files = (
				04A55BF42A2E4A3200CE0146 /* GovgptIOSApp.swift in Sources */,
				04A55BF62A2E4A3200CE0146 /* Persistence.swift in Sources */,
				04A55BFB2A2E4A3200CE0146 /* ContentView.swift in Sources */,
				04A55BF92A2E4A3200CE0146 /* GovgptIOS.xcdatamodeld in Sources */,
			);
			runOnlyForDeploymentPostprocessing = 0;
		};
		04A55C022A2E4A3300CE0146 /* Sources */ = {
			isa = PBXSourcesBuildPhase;
			buildActionMask = 2147483647;
			files = (
				04A55C0B2A2E4A3300CE0146 /* GovgptIOSTests.swift in Sources */,
			);
			runOnlyForDeploymentPostprocessing = 0;
		};
		04A55C0C2A2E4A3300CE0146 /* Sources */ = {
			isa = PBXSourcesBuildPhase;
			buildActionMask = 2147483647;
			files = (
				04A55C152A2E4A3300CE0146 /* GovgptIOSUITests.swift in Sources */,
				04A55C172A2E4A3300CE0146 /* GovgptIOSUITestsLaunchTests.swift in Sources */,
			);
			runOnlyForDeploymentPostprocessing = 0;
		};
/* End PBXSourcesBuildPhase section */

/* Begin PBXTargetDependency section */
		04A55C082A2E4A3300CE0146 /* PBXTargetDependency */ = {
			isa = PBXTargetDependency;
			target = 04A55BEF2A2E4A3200CE0146 /* GovgptIOS */;
			targetProxy = 04A55C072A2E4A3300CE0146 /* PBXContainerItemProxy */;
		};
		04A55C122A2E4A3300CE0146 /* PBXTargetDependency */ = {
			isa = PBXTargetDependency;
			target = 04A55BEF2A2E4A3200CE0146 /* GovgptIOS */;
			targetProxy = 04A55C112A2E4A3300CE0146 /* PBXContainerItemProxy */;
		};
/* End PBXTargetDependency section */

/* Begin XCBuildConfiguration section */
		04A55C182A2E4A3300CE0146 /* Debug */ = {
			isa = XCBuildConfiguration;
			buildSettings = {
				ALWAYS_SEARCH_USER_PATHS = NO;
				CLANG_ANALYZER_NONNULL = YES;
				CLANG_ANALYZER_NUMBER_OBJECT_CONVERSION = YES_AGGRESSIVE;
				CLANG_CXX_LANGUAGE_STANDARD = "gnu++20";
				CLANG_ENABLE_MODULES = YES;
				CLANG_ENABLE_OBJC_ARC = YES;
				CLANG_ENABLE_OBJC_WEAK = YES;
				CLANG_WARN_BLOCK_CAPTURE_AUTORELEASING = YES;
				CLANG_WARN_BOOL_CONVERSION = YES;
				CLANG_WARN_COMMA = YES;
				CLANG_WARN_CONSTANT_CONVERSION = YES;
				CLANG_WARN_DEPRECATED_OBJC_IMPLEMENTATIONS = YES;
				CLANG_WARN_DIRECT_OBJC_ISA_USAGE = YES_ERROR;
				CLANG_WARN_DOCUMENTATION_COMMENTS = YES;
				CLANG_WARN_EMPTY_BODY = YES;
				CLANG_WARN_ENUM_CONVERSION = YES;
				CLANG_WARN_INFINITE_RECURSION = YES;
				CLANG_WARN_INT_CONVERSION = YES;
				CLANG_WARN_NON_LITERAL_NULL_CONVERSION = YES;
				CLANG_WARN_OBJC_IMPLICIT_RETAIN_SELF = YES;
				CLANG_WARN_OBJC_LITERAL_CONVERSION = YES;
				CLANG_WARN_OBJC_ROOT_CLASS = YES_ERROR;
				CLANG_WARN_QUOTED_INCLUDE_IN_FRAMEWORK_HEADER = YES;
				CLANG_WARN_RANGE_LOOP_ANALYSIS = YES;
				CLANG_WARN_STRICT_PROTOTYPES = YES;
				CLANG_WARN_SUSPICIOUS_MOVE = YES;
				CLANG_WARN_UNGUARDED_AVAILABILITY = YES_AGGRESSIVE;
				CLANG_WARN_UNREACHABLE_CODE = YES;
				CLANG_WARN__DUPLICATE_METHOD_MATCH = YES;
				COPY_PHASE_STRIP = NO;
				DEBUG_INFORMATION_FORMAT = dwarf;
				ENABLE_STRICT_OBJC_MSGSEND = YES;
				ENABLE_TESTABILITY = YES;
				GCC_C_LANGUAGE_STANDARD = gnu11;
				GCC_DYNAMIC_NO_PIC = NO;
				GCC_NO_COMMON_BLOCKS = YES;
				GCC_OPTIMIZATION_LEVEL = 0;
				GCC_PREPROCESSOR_DEFINITIONS = (
					"DEBUG=1",
					"$(inherited)",
				);
				GCC_WARN_64_TO_32_BIT_CONVERSION = YES;
				GCC_WARN_ABOUT_RETURN_TYPE = YES_ERROR;
				GCC_WARN_UNDECLARED_SELECTOR = YES;
				GCC_WARN_UNINITIALIZED_AUTOS = YES_AGGRESSIVE;
				GCC_WARN_UNUSED_FUNCTION = YES;
				GCC_WARN_UNUSED_VARIABLE = YES;
				MTL_ENABLE_DEBUG_INFO = INCLUDE_SOURCE;
				MTL_FAST_MATH = YES;
				ONLY_ACTIVE_ARCH = YES;
				SWIFT_ACTIVE_COMPILATION_CONDITIONS = DEBUG;
				SWIFT_OPTIMIZATION_LEVEL = "-Onone";
			};
			name = Debug;
		};
		04A55C192A2E4A3300CE0146 /* Release */ = {
			isa = XCBuildConfiguration;
			buildSettings = {
				ALWAYS_SEARCH_USER_PATHS = NO;
				CLANG_ANALYZER_NONNULL = YES;
				CLANG_ANALYZER_NUMBER_OBJECT_CONVERSION = YES_AGGRESSIVE;
				CLANG_CXX_LANGUAGE_STANDARD = "gnu++20";
				CLANG_ENABLE_MODULES = YES;
				CLANG_ENABLE_OBJC_ARC = YES;
				CLANG_ENABLE_OBJC_WEAK = YES;
				CLANG_WARN_BLOCK_CAPTURE_AUTORELEASING = YES;
				CLANG_WARN_BOOL_CONVERSION = YES;
				CLANG_WARN_COMMA = YES;
				CLANG_WARN_CONSTANT_CONVERSION = YES;
				CLANG_WARN_DEPRECATED_OBJC_IMPLEMENTATIONS = YES;
				CLANG_WARN_DIRECT_OBJC_ISA_USAGE = YES_ERROR;
				CLANG_WARN_DOCUMENTATION_COMMENTS = YES;
				CLANG_WARN_EMPTY_BODY = YES;
				CLANG_WARN_ENUM_CONVERSION = YES;
				CLANG_WARN_INFINITE_RECURSION = YES;
				CLANG_WARN_INT_CONVERSION = YES;
				CLANG_WARN_NON_LITERAL_NULL_CONVERSION = YES;
				CLANG_WARN_OBJC_IMPLICIT_RETAIN_SELF = YES;
				CLANG_WARN_OBJC_LITERAL_CONVERSION = YES;
				CLANG_WARN_OBJC_ROOT_CLASS = YES_ERROR;
				CLANG_WARN_QUOTED_INCLUDE_IN_FRAMEWORK_HEADER = YES;
				CLANG_WARN_RANGE_LOOP_ANALYSIS = YES;
				CLANG_WARN_STRICT_PROTOTYPES = YES;
				CLANG_WARN_SUSPICIOUS_MOVE = YES;
				CLANG_WARN_UNGUARDED_AVAILABILITY = YES_AGGRESSIVE;
				CLANG_WARN_UNREACHABLE_CODE = YES;
				CLANG_WARN__DUPLICATE_METHOD_MATCH = YES;
				COPY_PHASE_STRIP = NO;
				DEBUG_INFORMATION_FORMAT = "dwarf-with-dsym";
				ENABLE_NS_ASSERTIONS = NO;
				ENABLE_STRICT_OBJC_MSGSEND = YES;
				GCC_C_LANGUAGE_STANDARD = gnu11;
				GCC_NO_COMMON_BLOCKS = YES;
				GCC_WARN_64_TO_32_BIT_CONVERSION = YES;
				GCC_WARN_ABOUT_RETURN_TYPE = YES_ERROR;
				GCC_WARN_UNDECLARED_SELECTOR = YES;
				GCC_WARN_UNINITIALIZED_AUTOS = YES_AGGRESSIVE;
				GCC_WARN_UNUSED_FUNCTION = YES;
				GCC_WARN_UNUSED_VARIABLE = YES;
				MTL_ENABLE_DEBUG_INFO = NO;
				MTL_FAST_MATH = YES;
				SWIFT_COMPILATION_MODE = wholemodule;
				SWIFT_OPTIMIZATION_LEVEL = "-O";
			};
			name = Release;
		};
		04A55C1B2A2E4A3300CE0146 /* Debug */ = {
			isa = XCBuildConfiguration;
			buildSettings = {
				ASSETCATALOG_COMPILER_APPICON_NAME = AppIcon;
				ASSETCATALOG_COMPILER_GLOBAL_ACCENT_COLOR_NAME = AccentColor;
				CODE_SIGN_ENTITLEMENTS = GovgptIOS/GovgptIOS.entitlements;
				CODE_SIGN_STYLE = Automatic;
				CURRENT_PROJECT_VERSION = 1;
				DEVELOPMENT_ASSET_PATHS = "\"GovgptIOS/Preview Content\"";
				ENABLE_PREVIEWS = YES;
				GENERATE_INFOPLIST_FILE = YES;
				"INFOPLIST_KEY_UIApplicationSceneManifest_Generation[sdk=iphoneos*]" = YES;
				"INFOPLIST_KEY_UIApplicationSceneManifest_Generation[sdk=iphonesimulator*]" = YES;
				"INFOPLIST_KEY_UIApplicationSupportsIndirectInputEvents[sdk=iphoneos*]" = YES;
				"INFOPLIST_KEY_UIApplicationSupportsIndirectInputEvents[sdk=iphonesimulator*]" = YES;
				"INFOPLIST_KEY_UILaunchScreen_Generation[sdk=iphoneos*]" = YES;
				"INFOPLIST_KEY_UILaunchScreen_Generation[sdk=iphonesimulator*]" = YES;
				"INFOPLIST_KEY_UIStatusBarStyle[sdk=iphoneos*]" = UIStatusBarStyleDefault;
				"INFOPLIST_KEY_UIStatusBarStyle[sdk=iphonesimulator*]" = UIStatusBarStyleDefault;
				INFOPLIST_KEY_UISupportedInterfaceOrientations_iPad = "UIInterfaceOrientationPortrait UIInterfaceOrientationPortraitUpsideDown UIInterfaceOrientationLandscapeLeft UIInterfaceOrientationLandscapeRight";
				INFOPLIST_KEY_UISupportedInterfaceOrientations_iPhone = "UIInterfaceOrientationPortrait UIInterfaceOrientationLandscapeLeft UIInterfaceOrientationLandscapeRight";
				IPHONEOS_DEPLOYMENT_TARGET = 16.4;
				LD_RUNPATH_SEARCH_PATHS = "@executable_path/Frameworks";
				"LD_RUNPATH_SEARCH_PATHS[sdk=macosx*]" = "@executable_path/../Frameworks";
				MACOSX_DEPLOYMENT_TARGET = 13.3;
				MARKETING_VERSION = 1.0;
				PRODUCT_BUNDLE_IDENTIFIER = Isoko.GovgptIOS;
				PRODUCT_NAME = "$(TARGET_NAME)";
				SDKROOT = auto;
				SUPPORTED_PLATFORMS = "iphoneos iphonesimulator macosx";
				SWIFT_EMIT_LOC_STRINGS = YES;
				SWIFT_VERSION = 5.0;
				TARGETED_DEVICE_FAMILY = "1,2";
			};
			name = Debug;
		};
		04A55C1C2A2E4A3300CE0146 /* Release */ = {
			isa = XCBuildConfiguration;
			buildSettings = {
				ASSETCATALOG_COMPILER_APPICON_NAME = AppIcon;
				ASSETCATALOG_COMPILER_GLOBAL_ACCENT_COLOR_NAME = AccentColor;
				CODE_SIGN_ENTITLEMENTS = GovgptIOS/GovgptIOS.entitlements;
				CODE_SIGN_STYLE = Automatic;
				CURRENT_PROJECT_VERSION = 1;
				DEVELOPMENT_ASSET_PATHS = "\"GovgptIOS/Preview Content\"";
				ENABLE_PREVIEWS = YES;
				GENERATE_INFOPLIST_FILE = YES;
				"INFOPLIST_KEY_UIApplicationSceneManifest_Generation[sdk=iphoneos*]" = YES;
				"INFOPLIST_KEY_UIApplicationSceneManifest_Generation[sdk=iphonesimulator*]" = YES;
				"INFOPLIST_KEY_UIApplicationSupportsIndirectInputEvents[sdk=iphoneos*]" = YES;
				"INFOPLIST_KEY_UIApplicationSupportsIndirectInputEvents[sdk=iphonesimulator*]" = YES;
				"INFOPLIST_KEY_UILaunchScreen_Generation[sdk=iphoneos*]" = YES;
				"INFOPLIST_KEY_UILaunchScreen_Generation[sdk=iphonesimulator*]" = YES;
				"INFOPLIST_KEY_UIStatusBarStyle[sdk=iphoneos*]" = UIStatusBarStyleDefault;
				"INFOPLIST_KEY_UIStatusBarStyle[sdk=iphonesimulator*]" = UIStatusBarStyleDefault;
				INFOPLIST_KEY_UISupportedInterfaceOrientations_iPad = "UIInterfaceOrientationPortrait UIInterfaceOrientationPortraitUpsideDown UIInterfaceOrientationLandscapeLeft UIInterfaceOrientationLandscapeRight";
				INFOPLIST_KEY_UISupportedInterfaceOrientations_iPhone = "UIInterfaceOrientationPortrait UIInterfaceOrientationLandscapeLeft UIInterfaceOrientationLandscapeRight";
				IPHONEOS_DEPLOYMENT_TARGET = 16.4;
				LD_RUNPATH_SEARCH_PATHS = "@executable_path/Frameworks";
				"LD_RUNPATH_SEARCH_PATHS[sdk=macosx*]" = "@executable_path/../Frameworks";
				MACOSX_DEPLOYMENT_TARGET = 13.3;
				MARKETING_VERSION = 1.0;
				PRODUCT_BUNDLE_IDENTIFIER = Isoko.GovgptIOS;
				PRODUCT_NAME = "$(TARGET_NAME)";
				SDKROOT = auto;
				SUPPORTED_PLATFORMS = "iphoneos iphonesimulator macosx";
				SWIFT_EMIT_LOC_STRINGS = YES;
				SWIFT_VERSION = 5.0;
				TARGETED_DEVICE_FAMILY = "1,2";
			};
			name = Release;
		};
		04A55C1E2A2E4A3300CE0146 /* Debug */ = {
			isa = XCBuildConfiguration;
			buildSettings = {
				ALWAYS_EMBED_SWIFT_STANDARD_LIBRARIES = YES;
				BUNDLE_LOADER = "$(TEST_HOST)";
				CODE_SIGN_STYLE = Automatic;
				CURRENT_PROJECT_VERSION = 1;
				GENERATE_INFOPLIST_FILE = YES;
				IPHONEOS_DEPLOYMENT_TARGET = 16.4;
				MACOSX_DEPLOYMENT_TARGET = 13.3;
				MARKETING_VERSION = 1.0;
				PRODUCT_BUNDLE_IDENTIFIER = Isoko.GovgptIOSTests;
				PRODUCT_NAME = "$(TARGET_NAME)";
				SDKROOT = auto;
				SUPPORTED_PLATFORMS = "iphoneos iphonesimulator macosx";
				SWIFT_EMIT_LOC_STRINGS = NO;
				SWIFT_VERSION = 5.0;
				TARGETED_DEVICE_FAMILY = "1,2";
				TEST_HOST = "$(BUILT_PRODUCTS_DIR)/GovgptIOS.app/$(BUNDLE_EXECUTABLE_FOLDER_PATH)/GovgptIOS";
			};
			name = Debug;
		};
		04A55C1F2A2E4A3300CE0146 /* Release */ = {
			isa = XCBuildConfiguration;
			buildSettings = {
				ALWAYS_EMBED_SWIFT_STANDARD_LIBRARIES = YES;
				BUNDLE_LOADER = "$(TEST_HOST)";
				CODE_SIGN_STYLE = Automatic;
				CURRENT_PROJECT_VERSION = 1;
				GENERATE_INFOPLIST_FILE = YES;
				IPHONEOS_DEPLOYMENT_TARGET = 16.4;
				MACOSX_DEPLOYMENT_TARGET = 13.3;
				MARKETING_VERSION = 1.0;
				PRODUCT_BUNDLE_IDENTIFIER = Isoko.GovgptIOSTests;
				PRODUCT_NAME = "$(TARGET_NAME)";
				SDKROOT = auto;
				SUPPORTED_PLATFORMS = "iphoneos iphonesimulator macosx";
				SWIFT_EMIT_LOC_STRINGS = NO;
				SWIFT_VERSION = 5.0;
				TARGETED_DEVICE_FAMILY = "1,2";
				TEST_HOST = "$(BUILT_PRODUCTS_DIR)/GovgptIOS.app/$(BUNDLE_EXECUTABLE_FOLDER_PATH)/GovgptIOS";
			};
			name = Release;
		};
		04A55C212A2E4A3300CE0146 /* Debug */ = {
			isa = XCBuildConfiguration;
			buildSettings = {
				ALWAYS_EMBED_SWIFT_STANDARD_LIBRARIES = YES;
				CODE_SIGN_STYLE = Automatic;
				CURRENT_PROJECT_VERSION = 1;
				GENERATE_INFOPLIST_FILE = YES;
				IPHONEOS_DEPLOYMENT_TARGET = 16.4;
				MACOSX_DEPLOYMENT_TARGET = 13.3;
				MARKETING_VERSION = 1.0;
				PRODUCT_BUNDLE_IDENTIFIER = Isoko.GovgptIOSUITests;
				PRODUCT_NAME = "$(TARGET_NAME)";
				SDKROOT = auto;
				SUPPORTED_PLATFORMS = "iphoneos iphonesimulator macosx";
				SWIFT_EMIT_LOC_STRINGS = NO;
				SWIFT_VERSION = 5.0;
				TARGETED_DEVICE_FAMILY = "1,2";
				TEST_TARGET_NAME = GovgptIOS;
			};
			name = Debug;
		};
		04A55C222A2E4A3300CE0146 /* Release */ = {
			isa = XCBuildConfiguration;
			buildSettings = {
				ALWAYS_EMBED_SWIFT_STANDARD_LIBRARIES = YES;
				CODE_SIGN_STYLE = Automatic;
				CURRENT_PROJECT_VERSION = 1;
				GENERATE_INFOPLIST_FILE = YES;
				IPHONEOS_DEPLOYMENT_TARGET = 16.4;
				MACOSX_DEPLOYMENT_TARGET = 13.3;
				MARKETING_VERSION = 1.0;
				PRODUCT_BUNDLE_IDENTIFIER = Isoko.GovgptIOSUITests;
				PRODUCT_NAME = "$(TARGET_NAME)";
				SDKROOT = auto;
				SUPPORTED_PLATFORMS = "iphoneos iphonesimulator macosx";
				SWIFT_EMIT_LOC_STRINGS = NO;
				SWIFT_VERSION = 5.0;
				TARGETED_DEVICE_FAMILY = "1,2";
				TEST_TARGET_NAME = GovgptIOS;
			};
			name = Release;
		};
/* End XCBuildConfiguration section */

/* Begin XCConfigurationList section */
		04A55BEB2A2E4A3100CE0146 /* Build configuration list for PBXProject "GovgptIOS" */ = {
			isa = XCConfigurationList;
			buildConfigurations = (
				04A55C182A2E4A3300CE0146 /* Debug */,
				04A55C192A2E4A3300CE0146 /* Release */,
			);
			defaultConfigurationIsVisible = 0;
			defaultConfigurationName = Release;
		};
		04A55C1A2A2E4A3300CE0146 /* Build configuration list for PBXNativeTarget "GovgptIOS" */ = {
			isa = XCConfigurationList;
			buildConfigurations = (
				04A55C1B2A2E4A3300CE0146 /* Debug */,
				04A55C1C2A2E4A3300CE0146 /* Release */,
			);
			defaultConfigurationIsVisible = 0;
			defaultConfigurationName = Release;
		};
		04A55C1D2A2E4A3300CE0146 /* Build configuration list for PBXNativeTarget "GovgptIOSTests" */ = {
			isa = XCConfigurationList;
			buildConfigurations = (
				04A55C1E2A2E4A3300CE0146 /* Debug */,
				04A55C1F2A2E4A3300CE0146 /* Release */,
			);
			defaultConfigurationIsVisible = 0;
			defaultConfigurationName = Release;
		};
		04A55C202A2E4A3300CE0146 /* Build configuration list for PBXNativeTarget "GovgptIOSUITests" */ = {
			isa = XCConfigurationList;
			buildConfigurations = (
				04A55C212A2E4A3300CE0146 /* Debug */,
				04A55C222A2E4A3300CE0146 /* Release */,
			);
			defaultConfigurationIsVisible = 0;
			defaultConfigurationName = Release;
		};
/* End XCConfigurationList section */

/* Begin XCVersionGroup section */
		04A55BF72A2E4A3200CE0146 /* GovgptIOS.xcdatamodeld */ = {
			isa = XCVersionGroup;
			children = (
				04A55BF82A2E4A3200CE0146 /* GovgptIOS.xcdatamodel */,
			);
			currentVersion = 04A55BF82A2E4A3200CE0146 /* GovgptIOS.xcdatamodel */;
			path = GovgptIOS.xcdatamodeld;
			sourceTree = "<group>";
			versionGroupType = wrapper.xcdatamodel;
		};
/* End XCVersionGroup section */
	};
	rootObject = 04A55BE82A2E4A3100CE0146 /* Project object */;
}
